
Microsoft Visual Studio Solution File, Format Version 12.00
# Visual Studio Version 17
VisualStudioVersion = 17.9.34728.123
MinimumVisualStudioVersion = 10.0.40219.1
Project("{FAE04EC0-301F-11D3-BF4B-00C04F79EFBC}") = "WhatsAppCloneMainProject", "WhatsAppCloneMainProject\WhatsAppCloneMainProject.csproj", "{8ED14BE8-6B59-46A9-8EE0-BA23DB888468}"
EndProject
Project("{FAE04EC0-301F-11D3-BF4B-00C04F79EFBC}") = "WhatsAppCloneServices", "WhatsAppCloneServices\WhatsAppCloneServices.csproj", "{3C45ABFA-B089-414B-A058-43E3592DCB04}"
EndProject
Global
	GlobalSection(SolutionConfigurationPlatforms) = preSolution
		Debug|Any CPU = Debug|Any CPU
		Release|Any CPU = Release|Any CPU
	EndGlobalSection
	GlobalSection(ProjectConfigurationPlatforms) = postSolution
		{8ED14BE8-6B59-46A9-8EE0-BA23DB888468}.Debug|Any CPU.ActiveCfg = Debug|Any CPU
		{8ED14BE8-6B59-46A9-8EE0-BA23DB888468}.Debug|Any CPU.Build.0 = Debug|Any CPU
		{8ED14BE8-6B59-46A9-8EE0-BA23DB888468}.Release|Any CPU.ActiveCfg = Release|Any CPU
		{8ED14BE8-6B59-46A9-8EE0-BA23DB888468}.Release|Any CPU.Build.0 = Release|Any CPU
		{3C45ABFA-B089-414B-A058-43E3592DCB04}.Debug|Any CPU.ActiveCfg = Debug|Any CPU
		{3C45ABFA-B089-414B-A058-43E3592DCB04}.Debug|Any CPU.Build.0 = Debug|Any CPU
		{3C45ABFA-B089-414B-A058-43E3592DCB04}.Release|Any CPU.ActiveCfg = Release|Any CPU
		{3C45ABFA-B089-414B-A058-43E3592DCB04}.Release|Any CPU.Build.0 = Release|Any CPU
	EndGlobalSection
	GlobalSection(SolutionProperties) = preSolution
		HideSolutionNode = FALSE
	EndGlobalSection
	GlobalSection(ExtensibilityGlobals) = postSolution
		SolutionGuid = {AB5CA79D-5767-4707-BAF1-34897834706A}
	EndGlobalSection
EndGlobal
